
Microsoft Visual Studio Solution File, Format Version 12.00
# Visual Studio Version 17
VisualStudioVersion = 17.8.34309.116
MinimumVisualStudioVersion = 10.0.40219.1
Project("{FAE04EC0-301F-11D3-BF4B-00C04F79EFBC}") = "show-data-grid-view", "show-data-grid-view\show-data-grid-view.csproj", "{E6EF1E33-38C7-4BEB-96AC-DA0F1BB46D07}"
EndProject
Global
	GlobalSection(SolutionConfigurationPlatforms) = preSolution
		Debug|Any CPU = Debug|Any CPU
		Release|Any CPU = Release|Any CPU
	EndGlobalSection
	GlobalSection(ProjectConfigurationPlatforms) = postSolution
		{E6EF1E33-38C7-4BEB-96AC-DA0F1BB46D07}.Debug|Any CPU.ActiveCfg = Debug|Any CPU
		{E6EF1E33-38C7-4BEB-96AC-DA0F1BB46D07}.Debug|Any CPU.Build.0 = Debug|Any CPU
		{E6EF1E33-38C7-4BEB-96AC-DA0F1BB46D07}.Release|Any CPU.ActiveCfg = Release|Any CPU
		{E6EF1E33-38C7-4BEB-96AC-DA0F1BB46D07}.Release|Any CPU.Build.0 = Release|Any CPU
	EndGlobalSection
	GlobalSection(SolutionProperties) = preSolution
		HideSolutionNode = FALSE
	EndGlobalSection
	GlobalSection(ExtensibilityGlobals) = postSolution
		SolutionGuid = {0ACB2E57-6084-4EF5-9B61-BCB2FA22992A}
	EndGlobalSection
EndGlobal
